
Microsoft Visual Studio Solution File, Format Version 12.00
# Visual Studio Version 16
VisualStudioVersion = 16.0.30804.86
MinimumVisualStudioVersion = 10.0.40219.1
Project("{FAE04EC0-301F-11D3-BF4B-00C04F79EFBC}") = "GenericCmdlets", "GenericCmdlets\GenericCmdlets.csproj", "{D66F1B15-1344-46E0-8B20-F31587F20A1E}"
EndProject
Project("{FAE04EC0-301F-11D3-BF4B-00C04F79EFBC}") = "TypeParameters", "TypeParameters\TypeParameters.csproj", "{81C5C58E-9EF1-4830-9882-1544231D0376}"
EndProject
Global
	GlobalSection(SolutionConfigurationPlatforms) = preSolution
		Debug|Any CPU = Debug|Any CPU
		Release|Any CPU = Release|Any CPU
	EndGlobalSection
	GlobalSection(ProjectConfigurationPlatforms) = postSolution
		{D66F1B15-1344-46E0-8B20-F31587F20A1E}.Debug|Any CPU.ActiveCfg = Debug|Any CPU
		{D66F1B15-1344-46E0-8B20-F31587F20A1E}.Debug|Any CPU.Build.0 = Debug|Any CPU
		{D66F1B15-1344-46E0-8B20-F31587F20A1E}.Release|Any CPU.ActiveCfg = Release|Any CPU
		{D66F1B15-1344-46E0-8B20-F31587F20A1E}.Release|Any CPU.Build.0 = Release|Any CPU
		{81C5C58E-9EF1-4830-9882-1544231D0376}.Debug|Any CPU.ActiveCfg = Debug|Any CPU
		{81C5C58E-9EF1-4830-9882-1544231D0376}.Debug|Any CPU.Build.0 = Debug|Any CPU
		{81C5C58E-9EF1-4830-9882-1544231D0376}.Release|Any CPU.ActiveCfg = Release|Any CPU
		{81C5C58E-9EF1-4830-9882-1544231D0376}.Release|Any CPU.Build.0 = Release|Any CPU
	EndGlobalSection
	GlobalSection(SolutionProperties) = preSolution
		HideSolutionNode = FALSE
	EndGlobalSection
	GlobalSection(ExtensibilityGlobals) = postSolution
		SolutionGuid = {1347B206-B200-4B41-A67F-94A210B8D658}
	EndGlobalSection
EndGlobal
