
Microsoft Visual Studio Solution File, Format Version 12.00
# Visual Studio Version 16
VisualStudioVersion = 16.0.31019.35
MinimumVisualStudioVersion = 10.0.40219.1
Project("{FAE04EC0-301F-11D3-BF4B-00C04F79EFBC}") = "PowerShellFormCmdlet", "PowerShellFormCmdlet\PowerShellFormCmdlet.csproj", "{5B873640-A714-4E9D-A2C6-6D28AFC046BA}"
EndProject
Project("{FAE04EC0-301F-11D3-BF4B-00C04F79EFBC}") = "PowerShellGUI", "PowerShellGUI\PowerShellGUI.csproj", "{13FCE702-52D6-484F-ACC6-FB8C7C03ED90}"
EndProject
Global
	GlobalSection(SolutionConfigurationPlatforms) = preSolution
		Debug|Any CPU = Debug|Any CPU
		Release|Any CPU = Release|Any CPU
	EndGlobalSection
	GlobalSection(ProjectConfigurationPlatforms) = postSolution
		{5B873640-A714-4E9D-A2C6-6D28AFC046BA}.Debug|Any CPU.ActiveCfg = Debug|Any CPU
		{5B873640-A714-4E9D-A2C6-6D28AFC046BA}.Debug|Any CPU.Build.0 = Debug|Any CPU
		{5B873640-A714-4E9D-A2C6-6D28AFC046BA}.Release|Any CPU.ActiveCfg = Release|Any CPU
		{5B873640-A714-4E9D-A2C6-6D28AFC046BA}.Release|Any CPU.Build.0 = Release|Any CPU
		{13FCE702-52D6-484F-ACC6-FB8C7C03ED90}.Debug|Any CPU.ActiveCfg = Debug|Any CPU
		{13FCE702-52D6-484F-ACC6-FB8C7C03ED90}.Debug|Any CPU.Build.0 = Debug|Any CPU
		{13FCE702-52D6-484F-ACC6-FB8C7C03ED90}.Release|Any CPU.ActiveCfg = Release|Any CPU
		{13FCE702-52D6-484F-ACC6-FB8C7C03ED90}.Release|Any CPU.Build.0 = Release|Any CPU
	EndGlobalSection
	GlobalSection(SolutionProperties) = preSolution
		HideSolutionNode = FALSE
	EndGlobalSection
	GlobalSection(ExtensibilityGlobals) = postSolution
		SolutionGuid = {6DFA786A-5F33-441A-997E-5B9BFC5E0982}
	EndGlobalSection
EndGlobal
